// !$*UTF8*$!
{
	archiveVersion = 1;
	classes = {
	};
	objectVersion = 55;
	objects = {

/* Begin PBXBuildFile section */
		191D28BF2828100F001E9D31 /* AppDelegate.swift in Sources */ = {isa = PBXBuildFile; fileRef = 191D28BE2828100F001E9D31 /* AppDelegate.swift */; };
		191D28C12828100F001E9D31 /* SceneDelegate.swift in Sources */ = {isa = PBXBuildFile; fileRef = 191D28C02828100F001E9D31 /* SceneDelegate.swift */; };
		191D28C32828100F001E9D31 /* ViewController.swift in Sources */ = {isa = PBXBuildFile; fileRef = 191D28C22828100F001E9D31 /* ViewController.swift */; };
		191D28C62828100F001E9D31 /* Main.storyboard in Resources */ = {isa = PBXBuildFile; fileRef = 191D28C42828100F001E9D31 /* Main.storyboard */; };
		191D28C828281011001E9D31 /* Assets.xcassets in Resources */ = {isa = PBXBuildFile; fileRef = 191D28C728281011001E9D31 /* Assets.xcassets */; };
		191D28CB28281011001E9D31 /* LaunchScreen.storyboard in Resources */ = {isa = PBXBuildFile; fileRef = 191D28C928281011001E9D31 /* LaunchScreen.storyboard */; };
		191D28D42828148D001E9D31 /* MainViewModel.swift in Sources */ = {isa = PBXBuildFile; fileRef = 191D28D32828148C001E9D31 /* MainViewModel.swift */; };
		191D28D728281507001E9D31 /* Product.swift in Sources */ = {isa = PBXBuildFile; fileRef = 191D28D628281507001E9D31 /* Product.swift */; };
		191D28DA2828184E001E9D31 /* ProductService.swift in Sources */ = {isa = PBXBuildFile; fileRef = 191D28D92828184E001E9D31 /* ProductService.swift */; };
		191D28DC28281C8F001E9D31 /* Rate.swift in Sources */ = {isa = PBXBuildFile; fileRef = 191D28DB28281C8F001E9D31 /* Rate.swift */; };
		193C7EC6283676E3007019ED /* POC_transactionsUITests.swift in Sources */ = {isa = PBXBuildFile; fileRef = 193C7EC5283676E3007019ED /* POC_transactionsUITests.swift */; };
		193C7ECE28367A5B007019ED /* MockTestService.swift in Sources */ = {isa = PBXBuildFile; fileRef = 1975CB7B2836654F00315582 /* MockTestService.swift */; };
		1975CB7528365F8100315582 /* POC_transactionsViewModelTests.swift in Sources */ = {isa = PBXBuildFile; fileRef = 1975CB7428365F8100315582 /* POC_transactionsViewModelTests.swift */; };
		1975CB7D2836655000315582 /* MockTestService.swift in Sources */ = {isa = PBXBuildFile; fileRef = 1975CB7B2836654F00315582 /* MockTestService.swift */; };
		1975CB7F28366AD200315582 /* jsonMockRatesData.json in Resources */ = {isa = PBXBuildFile; fileRef = 1975CB7E28366AD200315582 /* jsonMockRatesData.json */; };
		1975CB8028366AD200315582 /* jsonMockRatesData.json in Resources */ = {isa = PBXBuildFile; fileRef = 1975CB7E28366AD200315582 /* jsonMockRatesData.json */; };
		1975CB8328366B4A00315582 /* jsonMockProductsData.json in Resources */ = {isa = PBXBuildFile; fileRef = 1975CB8228366B4A00315582 /* jsonMockProductsData.json */; };
		1975CB8428366B4A00315582 /* jsonMockProductsData.json in Resources */ = {isa = PBXBuildFile; fileRef = 1975CB8228366B4A00315582 /* jsonMockProductsData.json */; };
/* End PBXBuildFile section */

/* Begin PBXContainerItemProxy section */
		193C7EC9283676E3007019ED /* PBXContainerItemProxy */ = {
			isa = PBXContainerItemProxy;
			containerPortal = 191D28B32828100F001E9D31 /* Project object */;
			proxyType = 1;
			remoteGlobalIDString = 191D28BA2828100F001E9D31;
			remoteInfo = "POC-transactions";
		};
		1975CB7628365F8100315582 /* PBXContainerItemProxy */ = {
			isa = PBXContainerItemProxy;
			containerPortal = 191D28B32828100F001E9D31 /* Project object */;
			proxyType = 1;
			remoteGlobalIDString = 191D28BA2828100F001E9D31;
			remoteInfo = "POC-transactions";
		};
/* End PBXContainerItemProxy section */

/* Begin PBXFileReference section */
		191D28BB2828100F001E9D31 /* POC-transactions.app */ = {isa = PBXFileReference; explicitFileType = wrapper.application; includeInIndex = 0; path = "POC-transactions.app"; sourceTree = BUILT_PRODUCTS_DIR; };
		191D28BE2828100F001E9D31 /* AppDelegate.swift */ = {isa = PBXFileReference; lastKnownFileType = sourcecode.swift; path = AppDelegate.swift; sourceTree = "<group>"; };
		191D28C02828100F001E9D31 /* SceneDelegate.swift */ = {isa = PBXFileReference; lastKnownFileType = sourcecode.swift; path = SceneDelegate.swift; sourceTree = "<group>"; };
		191D28C22828100F001E9D31 /* ViewController.swift */ = {isa = PBXFileReference; lastKnownFileType = sourcecode.swift; path = ViewController.swift; sourceTree = "<group>"; };
		191D28C52828100F001E9D31 /* Base */ = {isa = PBXFileReference; lastKnownFileType = file.storyboard; name = Base; path = Base.lproj/Main.storyboard; sourceTree = "<group>"; };
		191D28C728281011001E9D31 /* Assets.xcassets */ = {isa = PBXFileReference; lastKnownFileType = folder.assetcatalog; path = Assets.xcassets; sourceTree = "<group>"; };
		191D28CA28281011001E9D31 /* Base */ = {isa = PBXFileReference; lastKnownFileType = file.storyboard; name = Base; path = Base.lproj/LaunchScreen.storyboard; sourceTree = "<group>"; };
		191D28CC28281011001E9D31 /* Info.plist */ = {isa = PBXFileReference; lastKnownFileType = text.plist.xml; path = Info.plist; sourceTree = "<group>"; };
		191D28D32828148C001E9D31 /* MainViewModel.swift */ = {isa = PBXFileReference; lastKnownFileType = sourcecode.swift; path = MainViewModel.swift; sourceTree = "<group>"; };
		191D28D628281507001E9D31 /* Product.swift */ = {isa = PBXFileReference; lastKnownFileType = sourcecode.swift; path = Product.swift; sourceTree = "<group>"; };
		191D28D92828184E001E9D31 /* ProductService.swift */ = {isa = PBXFileReference; lastKnownFileType = sourcecode.swift; path = ProductService.swift; sourceTree = "<group>"; };
		191D28DB28281C8F001E9D31 /* Rate.swift */ = {isa = PBXFileReference; lastKnownFileType = sourcecode.swift; path = Rate.swift; sourceTree = "<group>"; };
		193C7EC3283676E3007019ED /* POC-transactionsUITests.xctest */ = {isa = PBXFileReference; explicitFileType = wrapper.cfbundle; includeInIndex = 0; path = "POC-transactionsUITests.xctest"; sourceTree = BUILT_PRODUCTS_DIR; };
		193C7EC5283676E3007019ED /* POC_transactionsUITests.swift */ = {isa = PBXFileReference; lastKnownFileType = sourcecode.swift; path = POC_transactionsUITests.swift; sourceTree = "<group>"; };
		1975CB7228365F8100315582 /* POC-transactionsTests.xctest */ = {isa = PBXFileReference; explicitFileType = wrapper.cfbundle; includeInIndex = 0; path = "POC-transactionsTests.xctest"; sourceTree = BUILT_PRODUCTS_DIR; };
		1975CB7428365F8100315582 /* POC_transactionsViewModelTests.swift */ = {isa = PBXFileReference; lastKnownFileType = sourcecode.swift; path = POC_transactionsViewModelTests.swift; sourceTree = "<group>"; };
		1975CB7B2836654F00315582 /* MockTestService.swift */ = {isa = PBXFileReference; lastKnownFileType = sourcecode.swift; path = MockTestService.swift; sourceTree = "<group>"; };
		1975CB7E28366AD200315582 /* jsonMockRatesData.json */ = {isa = PBXFileReference; lastKnownFileType = text.json; path = jsonMockRatesData.json; sourceTree = "<group>"; xcLanguageSpecificationIdentifier = xcode.lang.json; };
		1975CB8228366B4A00315582 /* jsonMockProductsData.json */ = {isa = PBXFileReference; lastKnownFileType = text.json; path = jsonMockProductsData.json; sourceTree = "<group>"; xcLanguageSpecificationIdentifier = xcode.lang.json; };
		19DDC6242836816200201168 /* readme.md */ = {isa = PBXFileReference; lastKnownFileType = net.daringfireball.markdown; path = readme.md; sourceTree = "<group>"; };
/* End PBXFileReference section */

/* Begin PBXFrameworksBuildPhase section */
		191D28B82828100F001E9D31 /* Frameworks */ = {
			isa = PBXFrameworksBuildPhase;
			buildActionMask = 2147483647;
			files = (
			);
			runOnlyForDeploymentPostprocessing = 0;
		};
		193C7EC0283676E3007019ED /* Frameworks */ = {
			isa = PBXFrameworksBuildPhase;
			buildActionMask = 2147483647;
			files = (
			);
			runOnlyForDeploymentPostprocessing = 0;
		};
		1975CB6F28365F8100315582 /* Frameworks */ = {
			isa = PBXFrameworksBuildPhase;
			buildActionMask = 2147483647;
			files = (
			);
			runOnlyForDeploymentPostprocessing = 0;
		};
/* End PBXFrameworksBuildPhase section */

/* Begin PBXGroup section */
		191D28B22828100F001E9D31 = {
			isa = PBXGroup;
			children = (
				19DDC6242836816200201168 /* readme.md */,
				191D28BD2828100F001E9D31 /* POC-transactions */,
				1975CB7328365F8100315582 /* POC-transactionsTests */,
				193C7EC4283676E3007019ED /* POC-transactionsUITests */,
				191D28BC2828100F001E9D31 /* Products */,
			);
			sourceTree = "<group>";
		};
		191D28BC2828100F001E9D31 /* Products */ = {
			isa = PBXGroup;
			children = (
				191D28BB2828100F001E9D31 /* POC-transactions.app */,
				1975CB7228365F8100315582 /* POC-transactionsTests.xctest */,
				193C7EC3283676E3007019ED /* POC-transactionsUITests.xctest */,
			);
			name = Products;
			sourceTree = "<group>";
		};
		191D28BD2828100F001E9D31 /* POC-transactions */ = {
			isa = PBXGroup;
			children = (
				1958DE5528344F0C00920A2A /* ViewsControllers */,
				191D28D82828174A001E9D31 /* dataSource */,
				191D28D5282814FA001E9D31 /* models */,
				191D28D228281474001E9D31 /* viewModels */,
				191D28BE2828100F001E9D31 /* AppDelegate.swift */,
				191D28C02828100F001E9D31 /* SceneDelegate.swift */,
				191D28C42828100F001E9D31 /* Main.storyboard */,
				191D28C728281011001E9D31 /* Assets.xcassets */,
				191D28C928281011001E9D31 /* LaunchScreen.storyboard */,
				191D28CC28281011001E9D31 /* Info.plist */,
			);
			path = "POC-transactions";
			sourceTree = "<group>";
		};
		191D28D228281474001E9D31 /* viewModels */ = {
			isa = PBXGroup;
			children = (
				191D28D32828148C001E9D31 /* MainViewModel.swift */,
			);
			path = viewModels;
			sourceTree = "<group>";
		};
		191D28D5282814FA001E9D31 /* models */ = {
			isa = PBXGroup;
			children = (
				191D28D628281507001E9D31 /* Product.swift */,
				191D28DB28281C8F001E9D31 /* Rate.swift */,
			);
			path = models;
			sourceTree = "<group>";
		};
		191D28D82828174A001E9D31 /* dataSource */ = {
			isa = PBXGroup;
			children = (
				191D28D92828184E001E9D31 /* ProductService.swift */,
			);
			path = dataSource;
			sourceTree = "<group>";
		};
		193C7EC4283676E3007019ED /* POC-transactionsUITests */ = {
			isa = PBXGroup;
			children = (
				193C7EC5283676E3007019ED /* POC_transactionsUITests.swift */,
			);
			path = "POC-transactionsUITests";
			sourceTree = "<group>";
		};
		1958DE5528344F0C00920A2A /* ViewsControllers */ = {
			isa = PBXGroup;
			children = (
				191D28C22828100F001E9D31 /* ViewController.swift */,
			);
			path = ViewsControllers;
			sourceTree = "<group>";
		};
		1975CB7328365F8100315582 /* POC-transactionsTests */ = {
			isa = PBXGroup;
			children = (
				1975CB852836760200315582 /* Mocks */,
				1975CB8128366B0800315582 /* Json */,
				1975CB7428365F8100315582 /* POC_transactionsViewModelTests.swift */,
			);
			path = "POC-transactionsTests";
			sourceTree = "<group>";
		};
		1975CB8128366B0800315582 /* Json */ = {
			isa = PBXGroup;
			children = (
				1975CB7E28366AD200315582 /* jsonMockRatesData.json */,
				1975CB8228366B4A00315582 /* jsonMockProductsData.json */,
			);
			path = Json;
			sourceTree = "<group>";
		};
		1975CB852836760200315582 /* Mocks */ = {
			isa = PBXGroup;
			children = (
				1975CB7B2836654F00315582 /* MockTestService.swift */,
			);
			path = Mocks;
			sourceTree = "<group>";
		};
/* End PBXGroup section */

/* Begin PBXNativeTarget section */
		191D28BA2828100F001E9D31 /* POC-transactions */ = {
			isa = PBXNativeTarget;
			buildConfigurationList = 191D28CF28281011001E9D31 /* Build configuration list for PBXNativeTarget "POC-transactions" */;
			buildPhases = (
				191D28B72828100F001E9D31 /* Sources */,
				191D28B82828100F001E9D31 /* Frameworks */,
				191D28B92828100F001E9D31 /* Resources */,
			);
			buildRules = (
			);
			dependencies = (
			);
			name = "POC-transactions";
			productName = "POC-transactions";
			productReference = 191D28BB2828100F001E9D31 /* POC-transactions.app */;
			productType = "com.apple.product-type.application";
		};
		193C7EC2283676E3007019ED /* POC-transactionsUITests */ = {
			isa = PBXNativeTarget;
			buildConfigurationList = 193C7ECD283676E3007019ED /* Build configuration list for PBXNativeTarget "POC-transactionsUITests" */;
			buildPhases = (
				193C7EBF283676E3007019ED /* Sources */,
				193C7EC0283676E3007019ED /* Frameworks */,
				193C7EC1283676E3007019ED /* Resources */,
			);
			buildRules = (
			);
			dependencies = (
				193C7ECA283676E3007019ED /* PBXTargetDependency */,
			);
			name = "POC-transactionsUITests";
			productName = "POC-transactionsUITests";
			productReference = 193C7EC3283676E3007019ED /* POC-transactionsUITests.xctest */;
			productType = "com.apple.product-type.bundle.ui-testing";
		};
		1975CB7128365F8100315582 /* POC-transactionsTests */ = {
			isa = PBXNativeTarget;
			buildConfigurationList = 1975CB7A28365F8100315582 /* Build configuration list for PBXNativeTarget "POC-transactionsTests" */;
			buildPhases = (
				1975CB6E28365F8100315582 /* Sources */,
				1975CB6F28365F8100315582 /* Frameworks */,
				1975CB7028365F8100315582 /* Resources */,
			);
			buildRules = (
			);
			dependencies = (
				1975CB7728365F8100315582 /* PBXTargetDependency */,
			);
			name = "POC-transactionsTests";
			productName = "POC-transactionsTests";
			productReference = 1975CB7228365F8100315582 /* POC-transactionsTests.xctest */;
			productType = "com.apple.product-type.bundle.unit-test";
		};
/* End PBXNativeTarget section */

/* Begin PBXProject section */
		191D28B32828100F001E9D31 /* Project object */ = {
			isa = PBXProject;
			attributes = {
				BuildIndependentTargetsInParallel = 1;
				LastSwiftUpdateCheck = 1330;
				LastUpgradeCheck = 1330;
				TargetAttributes = {
					191D28BA2828100F001E9D31 = {
						CreatedOnToolsVersion = 13.3;
					};
					193C7EC2283676E3007019ED = {
						CreatedOnToolsVersion = 13.3;
						TestTargetID = 191D28BA2828100F001E9D31;
					};
					1975CB7128365F8100315582 = {
						CreatedOnToolsVersion = 13.3;
						TestTargetID = 191D28BA2828100F001E9D31;
					};
				};
			};
			buildConfigurationList = 191D28B62828100F001E9D31 /* Build configuration list for PBXProject "POC-transactions" */;
			compatibilityVersion = "Xcode 13.0";
			developmentRegion = en;
			hasScannedForEncodings = 0;
			knownRegions = (
				en,
				Base,
			);
			mainGroup = 191D28B22828100F001E9D31;
			productRefGroup = 191D28BC2828100F001E9D31 /* Products */;
			projectDirPath = "";
			projectRoot = "";
			targets = (
				191D28BA2828100F001E9D31 /* POC-transactions */,
				1975CB7128365F8100315582 /* POC-transactionsTests */,
				193C7EC2283676E3007019ED /* POC-transactionsUITests */,
			);
		};
/* End PBXProject section */

/* Begin PBXResourcesBuildPhase section */
		191D28B92828100F001E9D31 /* Resources */ = {
			isa = PBXResourcesBuildPhase;
			buildActionMask = 2147483647;
			files = (
				191D28CB28281011001E9D31 /* LaunchScreen.storyboard in Resources */,
				191D28C828281011001E9D31 /* Assets.xcassets in Resources */,
				1975CB7F28366AD200315582 /* jsonMockRatesData.json in Resources */,
				191D28C62828100F001E9D31 /* Main.storyboard in Resources */,
				1975CB8328366B4A00315582 /* jsonMockProductsData.json in Resources */,
			);
			runOnlyForDeploymentPostprocessing = 0;
		};
		193C7EC1283676E3007019ED /* Resources */ = {
			isa = PBXResourcesBuildPhase;
			buildActionMask = 2147483647;
			files = (
			);
			runOnlyForDeploymentPostprocessing = 0;
		};
		1975CB7028365F8100315582 /* Resources */ = {
			isa = PBXResourcesBuildPhase;
			buildActionMask = 2147483647;
			files = (
				1975CB8428366B4A00315582 /* jsonMockProductsData.json in Resources */,
				1975CB8028366AD200315582 /* jsonMockRatesData.json in Resources */,
			);
			runOnlyForDeploymentPostprocessing = 0;
		};
/* End PBXResourcesBuildPhase section */

/* Begin PBXSourcesBuildPhase section */
		191D28B72828100F001E9D31 /* Sources */ = {
			isa = PBXSourcesBuildPhase;
			buildActionMask = 2147483647;
			files = (
				191D28C32828100F001E9D31 /* ViewController.swift in Sources */,
				191D28BF2828100F001E9D31 /* AppDelegate.swift in Sources */,
				191D28D728281507001E9D31 /* Product.swift in Sources */,
				191D28C12828100F001E9D31 /* SceneDelegate.swift in Sources */,
				191D28DC28281C8F001E9D31 /* Rate.swift in Sources */,
				191D28D42828148D001E9D31 /* MainViewModel.swift in Sources */,
				191D28DA2828184E001E9D31 /* ProductService.swift in Sources */,
			);
			runOnlyForDeploymentPostprocessing = 0;
		};
		193C7EBF283676E3007019ED /* Sources */ = {
			isa = PBXSourcesBuildPhase;
			buildActionMask = 2147483647;
			files = (
				193C7EC6283676E3007019ED /* POC_transactionsUITests.swift in Sources */,
				193C7ECE28367A5B007019ED /* MockTestService.swift in Sources */,
			);
			runOnlyForDeploymentPostprocessing = 0;
		};
		1975CB6E28365F8100315582 /* Sources */ = {
			isa = PBXSourcesBuildPhase;
			buildActionMask = 2147483647;
			files = (
				1975CB7528365F8100315582 /* POC_transactionsViewModelTests.swift in Sources */,
				1975CB7D2836655000315582 /* MockTestService.swift in Sources */,
			);
			runOnlyForDeploymentPostprocessing = 0;
		};
/* End PBXSourcesBuildPhase section */

/* Begin PBXTargetDependency section */
		193C7ECA283676E3007019ED /* PBXTargetDependency */ = {
			isa = PBXTargetDependency;
			target = 191D28BA2828100F001E9D31 /* POC-transactions */;
			targetProxy = 193C7EC9283676E3007019ED /* PBXContainerItemProxy */;
		};
		1975CB7728365F8100315582 /* PBXTargetDependency */ = {
			isa = PBXTargetDependency;
			target = 191D28BA2828100F001E9D31 /* POC-transactions */;
			targetProxy = 1975CB7628365F8100315582 /* PBXContainerItemProxy */;
		};
/* End PBXTargetDependency section */

/* Begin PBXVariantGroup section */
		191D28C42828100F001E9D31 /* Main.storyboard */ = {
			isa = PBXVariantGroup;
			children = (
				191D28C52828100F001E9D31 /* Base */,
			);
			name = Main.storyboard;
			sourceTree = "<group>";
		};
		191D28C928281011001E9D31 /* LaunchScreen.storyboard */ = {
			isa = PBXVariantGroup;
			children = (
				191D28CA28281011001E9D31 /* Base */,
			);
			name = LaunchScreen.storyboard;
			sourceTree = "<group>";
		};
/* End PBXVariantGroup section */

/* Begin XCBuildConfiguration section */
		191D28CD28281011001E9D31 /* Debug */ = {
			isa = XCBuildConfiguration;
			buildSettings = {
				ALWAYS_SEARCH_USER_PATHS = NO;
				CLANG_ANALYZER_NONNULL = YES;
				CLANG_ANALYZER_NUMBER_OBJECT_CONVERSION = YES_AGGRESSIVE;
				CLANG_CXX_LANGUAGE_STANDARD = "gnu++17";
				CLANG_ENABLE_MODULES = YES;
				CLANG_ENABLE_OBJC_ARC = YES;
				CLANG_ENABLE_OBJC_WEAK = YES;
				CLANG_WARN_BLOCK_CAPTURE_AUTORELEASING = YES;
				CLANG_WARN_BOOL_CONVERSION = YES;
				CLANG_WARN_COMMA = YES;
				CLANG_WARN_CONSTANT_CONVERSION = YES;
				CLANG_WARN_DEPRECATED_OBJC_IMPLEMENTATIONS = YES;
				CLANG_WARN_DIRECT_OBJC_ISA_USAGE = YES_ERROR;
				CLANG_WARN_DOCUMENTATION_COMMENTS = YES;
				CLANG_WARN_EMPTY_BODY = YES;
				CLANG_WARN_ENUM_CONVERSION = YES;
				CLANG_WARN_INFINITE_RECURSION = YES;
				CLANG_WARN_INT_CONVERSION = YES;
				CLANG_WARN_NON_LITERAL_NULL_CONVERSION = YES;
				CLANG_WARN_OBJC_IMPLICIT_RETAIN_SELF = YES;
				CLANG_WARN_OBJC_LITERAL_CONVERSION = YES;
				CLANG_WARN_OBJC_ROOT_CLASS = YES_ERROR;
				CLANG_WARN_QUOTED_INCLUDE_IN_FRAMEWORK_HEADER = YES;
				CLANG_WARN_RANGE_LOOP_ANALYSIS = YES;
				CLANG_WARN_STRICT_PROTOTYPES = YES;
				CLANG_WARN_SUSPICIOUS_MOVE = YES;
				CLANG_WARN_UNGUARDED_AVAILABILITY = YES_AGGRESSIVE;
				CLANG_WARN_UNREACHABLE_CODE = YES;
				CLANG_WARN__DUPLICATE_METHOD_MATCH = YES;
				COPY_PHASE_STRIP = NO;
				DEBUG_INFORMATION_FORMAT = dwarf;
				ENABLE_STRICT_OBJC_MSGSEND = YES;
				ENABLE_TESTABILITY = YES;
				GCC_C_LANGUAGE_STANDARD = gnu11;
				GCC_DYNAMIC_NO_PIC = NO;
				GCC_NO_COMMON_BLOCKS = YES;
				GCC_OPTIMIZATION_LEVEL = 0;
				GCC_PREPROCESSOR_DEFINITIONS = (
					"DEBUG=1",
					"$(inherited)",
				);
				GCC_WARN_64_TO_32_BIT_CONVERSION = YES;
				GCC_WARN_ABOUT_RETURN_TYPE = YES_ERROR;
				GCC_WARN_UNDECLARED_SELECTOR = YES;
				GCC_WARN_UNINITIALIZED_AUTOS = YES_AGGRESSIVE;
				GCC_WARN_UNUSED_FUNCTION = YES;
				GCC_WARN_UNUSED_VARIABLE = YES;
				IPHONEOS_DEPLOYMENT_TARGET = 15.4;
				MTL_ENABLE_DEBUG_INFO = INCLUDE_SOURCE;
				MTL_FAST_MATH = YES;
				ONLY_ACTIVE_ARCH = YES;
				SDKROOT = iphoneos;
				SWIFT_ACTIVE_COMPILATION_CONDITIONS = DEBUG;
				SWIFT_OPTIMIZATION_LEVEL = "-Onone";
			};
			name = Debug;
		};
		191D28CE28281011001E9D31 /* Release */ = {
			isa = XCBuildConfiguration;
			buildSettings = {
				ALWAYS_SEARCH_USER_PATHS = NO;
				CLANG_ANALYZER_NONNULL = YES;
				CLANG_ANALYZER_NUMBER_OBJECT_CONVERSION = YES_AGGRESSIVE;
				CLANG_CXX_LANGUAGE_STANDARD = "gnu++17";
				CLANG_ENABLE_MODULES = YES;
				CLANG_ENABLE_OBJC_ARC = YES;
				CLANG_ENABLE_OBJC_WEAK = YES;
				CLANG_WARN_BLOCK_CAPTURE_AUTORELEASING = YES;
				CLANG_WARN_BOOL_CONVERSION = YES;
				CLANG_WARN_COMMA = YES;
				CLANG_WARN_CONSTANT_CONVERSION = YES;
				CLANG_WARN_DEPRECATED_OBJC_IMPLEMENTATIONS = YES;
				CLANG_WARN_DIRECT_OBJC_ISA_USAGE = YES_ERROR;
				CLANG_WARN_DOCUMENTATION_COMMENTS = YES;
				CLANG_WARN_EMPTY_BODY = YES;
				CLANG_WARN_ENUM_CONVERSION = YES;
				CLANG_WARN_INFINITE_RECURSION = YES;
				CLANG_WARN_INT_CONVERSION = YES;
				CLANG_WARN_NON_LITERAL_NULL_CONVERSION = YES;
				CLANG_WARN_OBJC_IMPLICIT_RETAIN_SELF = YES;
				CLANG_WARN_OBJC_LITERAL_CONVERSION = YES;
				CLANG_WARN_OBJC_ROOT_CLASS = YES_ERROR;
				CLANG_WARN_QUOTED_INCLUDE_IN_FRAMEWORK_HEADER = YES;
				CLANG_WARN_RANGE_LOOP_ANALYSIS = YES;
				CLANG_WARN_STRICT_PROTOTYPES = YES;
				CLANG_WARN_SUSPICIOUS_MOVE = YES;
				CLANG_WARN_UNGUARDED_AVAILABILITY = YES_AGGRESSIVE;
				CLANG_WARN_UNREACHABLE_CODE = YES;
				CLANG_WARN__DUPLICATE_METHOD_MATCH = YES;
				COPY_PHASE_STRIP = NO;
				DEBUG_INFORMATION_FORMAT = "dwarf-with-dsym";
				ENABLE_NS_ASSERTIONS = NO;
				ENABLE_STRICT_OBJC_MSGSEND = YES;
				GCC_C_LANGUAGE_STANDARD = gnu11;
				GCC_NO_COMMON_BLOCKS = YES;
				GCC_WARN_64_TO_32_BIT_CONVERSION = YES;
				GCC_WARN_ABOUT_RETURN_TYPE = YES_ERROR;
				GCC_WARN_UNDECLARED_SELECTOR = YES;
				GCC_WARN_UNINITIALIZED_AUTOS = YES_AGGRESSIVE;
				GCC_WARN_UNUSED_FUNCTION = YES;
				GCC_WARN_UNUSED_VARIABLE = YES;
				IPHONEOS_DEPLOYMENT_TARGET = 15.4;
				MTL_ENABLE_DEBUG_INFO = NO;
				MTL_FAST_MATH = YES;
				SDKROOT = iphoneos;
				SWIFT_COMPILATION_MODE = wholemodule;
				SWIFT_OPTIMIZATION_LEVEL = "-O";
				VALIDATE_PRODUCT = YES;
			};
			name = Release;
		};
		191D28D028281011001E9D31 /* Debug */ = {
			isa = XCBuildConfiguration;
			buildSettings = {
				ASSETCATALOG_COMPILER_APPICON_NAME = AppIcon;
				ASSETCATALOG_COMPILER_GLOBAL_ACCENT_COLOR_NAME = AccentColor;
				CODE_SIGN_STYLE = Automatic;
				CURRENT_PROJECT_VERSION = 1;
				DEVELOPMENT_TEAM = DTJLZH295U;
				GENERATE_INFOPLIST_FILE = YES;
				INFOPLIST_FILE = "POC-transactions/Info.plist";
				INFOPLIST_KEY_UIApplicationSupportsIndirectInputEvents = YES;
				INFOPLIST_KEY_UILaunchStoryboardName = LaunchScreen;
				INFOPLIST_KEY_UIMainStoryboardFile = Main;
				INFOPLIST_KEY_UISupportedInterfaceOrientations_iPad = "UIInterfaceOrientationPortrait UIInterfaceOrientationPortraitUpsideDown UIInterfaceOrientationLandscapeLeft UIInterfaceOrientationLandscapeRight";
				INFOPLIST_KEY_UISupportedInterfaceOrientations_iPhone = "UIInterfaceOrientationPortrait UIInterfaceOrientationLandscapeLeft UIInterfaceOrientationLandscapeRight";
				LD_RUNPATH_SEARCH_PATHS = (
					"$(inherited)",
					"@executable_path/Frameworks",
				);
				MARKETING_VERSION = 1.0;
				PRODUCT_BUNDLE_IDENTIFIER = "alejandroDeJesus.POC-transactions";
				PRODUCT_NAME = "$(TARGET_NAME)";
				SWIFT_EMIT_LOC_STRINGS = YES;
				SWIFT_VERSION = 5.0;
				TARGETED_DEVICE_FAMILY = "1,2";
			};
			name = Debug;
		};
		191D28D128281011001E9D31 /* Release */ = {
			isa = XCBuildConfiguration;
			buildSettings = {
				ASSETCATALOG_COMPILER_APPICON_NAME = AppIcon;
				ASSETCATALOG_COMPILER_GLOBAL_ACCENT_COLOR_NAME = AccentColor;
				CODE_SIGN_STYLE = Automatic;
				CURRENT_PROJECT_VERSION = 1;
				DEVELOPMENT_TEAM = DTJLZH295U;
				GENERATE_INFOPLIST_FILE = YES;
				INFOPLIST_FILE = "POC-transactions/Info.plist";
				INFOPLIST_KEY_UIApplicationSupportsIndirectInputEvents = YES;
				INFOPLIST_KEY_UILaunchStoryboardName = LaunchScreen;
				INFOPLIST_KEY_UIMainStoryboardFile = Main;
				INFOPLIST_KEY_UISupportedInterfaceOrientations_iPad = "UIInterfaceOrientationPortrait UIInterfaceOrientationPortraitUpsideDown UIInterfaceOrientationLandscapeLeft UIInterfaceOrientationLandscapeRight";
				INFOPLIST_KEY_UISupportedInterfaceOrientations_iPhone = "UIInterfaceOrientationPortrait UIInterfaceOrientationLandscapeLeft UIInterfaceOrientationLandscapeRight";
				LD_RUNPATH_SEARCH_PATHS = (
					"$(inherited)",
					"@executable_path/Frameworks",
				);
				MARKETING_VERSION = 1.0;
				PRODUCT_BUNDLE_IDENTIFIER = "alejandroDeJesus.POC-transactions";
				PRODUCT_NAME = "$(TARGET_NAME)";
				SWIFT_EMIT_LOC_STRINGS = YES;
				SWIFT_VERSION = 5.0;
				TARGETED_DEVICE_FAMILY = "1,2";
			};
			name = Release;
		};
		193C7ECB283676E3007019ED /* Debug */ = {
			isa = XCBuildConfiguration;
			buildSettings = {
				ARCHS = (
					"$(ARCHS_STANDARD)",
					arm64,
				);
				CODE_SIGN_STYLE = Automatic;
				CURRENT_PROJECT_VERSION = 1;
				DEVELOPMENT_TEAM = DTJLZH295U;
				GENERATE_INFOPLIST_FILE = YES;
				MARKETING_VERSION = 1.0;
				PRODUCT_BUNDLE_IDENTIFIER = "alejandroDeJesus.POC-transactionsUITests";
				PRODUCT_NAME = "$(TARGET_NAME)";
				SWIFT_EMIT_LOC_STRINGS = NO;
				SWIFT_VERSION = 5.0;
				TARGETED_DEVICE_FAMILY = "1,2";
				TEST_TARGET_NAME = "POC-transactions";
			};
			name = Debug;
		};
		193C7ECC283676E3007019ED /* Release */ = {
			isa = XCBuildConfiguration;
			buildSettings = {
				ARCHS = (
					"$(ARCHS_STANDARD)",
					arm64,
				);
				CODE_SIGN_STYLE = Automatic;
				CURRENT_PROJECT_VERSION = 1;
				DEVELOPMENT_TEAM = DTJLZH295U;
				GENERATE_INFOPLIST_FILE = YES;
				MARKETING_VERSION = 1.0;
				PRODUCT_BUNDLE_IDENTIFIER = "alejandroDeJesus.POC-transactionsUITests";
				PRODUCT_NAME = "$(TARGET_NAME)";
				SWIFT_EMIT_LOC_STRINGS = NO;
				SWIFT_VERSION = 5.0;
				TARGETED_DEVICE_FAMILY = "1,2";
				TEST_TARGET_NAME = "POC-transactions";
			};
			name = Release;
		};
		1975CB7828365F8100315582 /* Debug */ = {
			isa = XCBuildConfiguration;
			buildSettings = {
				BUNDLE_LOADER = "$(TEST_HOST)";
				CODE_SIGN_STYLE = Automatic;
				CURRENT_PROJECT_VERSION = 1;
				DEVELOPMENT_TEAM = DTJLZH295U;
				GENERATE_INFOPLIST_FILE = YES;
				MARKETING_VERSION = 1.0;
				PRODUCT_BUNDLE_IDENTIFIER = "alejandroDeJesus.POC-transactionsTests";
				PRODUCT_NAME = "$(TARGET_NAME)";
				SWIFT_EMIT_LOC_STRINGS = NO;
				SWIFT_VERSION = 5.0;
				TARGETED_DEVICE_FAMILY = "1,2";
				TEST_HOST = "$(BUILT_PRODUCTS_DIR)/POC-transactions.app/POC-transactions";
			};
			name = Debug;
		};
		1975CB7928365F8100315582 /* Release */ = {
			isa = XCBuildConfiguration;
			buildSettings = {
				BUNDLE_LOADER = "$(TEST_HOST)";
				CODE_SIGN_STYLE = Automatic;
				CURRENT_PROJECT_VERSION = 1;
				DEVELOPMENT_TEAM = DTJLZH295U;
				GENERATE_INFOPLIST_FILE = YES;
				MARKETING_VERSION = 1.0;
				PRODUCT_BUNDLE_IDENTIFIER = "alejandroDeJesus.POC-transactionsTests";
				PRODUCT_NAME = "$(TARGET_NAME)";
				SWIFT_EMIT_LOC_STRINGS = NO;
				SWIFT_VERSION = 5.0;
				TARGETED_DEVICE_FAMILY = "1,2";
				TEST_HOST = "$(BUILT_PRODUCTS_DIR)/POC-transactions.app/POC-transactions";
			};
			name = Release;
		};
/* End XCBuildConfiguration section */

/* Begin XCConfigurationList section */
		191D28B62828100F001E9D31 /* Build configuration list for PBXProject "POC-transactions" */ = {
			isa = XCConfigurationList;
			buildConfigurations = (
				191D28CD28281011001E9D31 /* Debug */,
				191D28CE28281011001E9D31 /* Release */,
			);
			defaultConfigurationIsVisible = 0;
			defaultConfigurationName = Release;
		};
		191D28CF28281011001E9D31 /* Build configuration list for PBXNativeTarget "POC-transactions" */ = {
			isa = XCConfigurationList;
			buildConfigurations = (
				191D28D028281011001E9D31 /* Debug */,
				191D28D128281011001E9D31 /* Release */,
			);
			defaultConfigurationIsVisible = 0;
			defaultConfigurationName = Release;
		};
		193C7ECD283676E3007019ED /* Build configuration list for PBXNativeTarget "POC-transactionsUITests" */ = {
			isa = XCConfigurationList;
			buildConfigurations = (
				193C7ECB283676E3007019ED /* Debug */,
				193C7ECC283676E3007019ED /* Release */,
			);
			defaultConfigurationIsVisible = 0;
			defaultConfigurationName = Release;
		};
		1975CB7A28365F8100315582 /* Build configuration list for PBXNativeTarget "POC-transactionsTests" */ = {
			isa = XCConfigurationList;
			buildConfigurations = (
				1975CB7828365F8100315582 /* Debug */,
				1975CB7928365F8100315582 /* Release */,
			);
			defaultConfigurationIsVisible = 0;
			defaultConfigurationName = Release;
		};
/* End XCConfigurationList section */
	};
	rootObject = 191D28B32828100F001E9D31 /* Project object */;
}
